
Microsoft Visual Studio Solution File, Format Version 12.00
# Visual Studio Version 16
VisualStudioVersion = 16.0.31005.135
MinimumVisualStudioVersion = 10.0.40219.1
Project("{FAE04EC0-301F-11D3-BF4B-00C04F79EFBC}") = "Simultaneous Equations Solver", "Simultaneous Equations Solver\Simultaneous Equations Solver.csproj", "{AB2FDB51-61DB-4D30-8227-1DA8186C70E7}"
EndProject
Global
	GlobalSection(SolutionConfigurationPlatforms) = preSolution
		Debug|Any CPU = Debug|Any CPU
		Release|Any CPU = Release|Any CPU
	EndGlobalSection
	GlobalSection(ProjectConfigurationPlatforms) = postSolution
		{AB2FDB51-61DB-4D30-8227-1DA8186C70E7}.Debug|Any CPU.ActiveCfg = Debug|Any CPU
		{AB2FDB51-61DB-4D30-8227-1DA8186C70E7}.Debug|Any CPU.Build.0 = Debug|Any CPU
		{AB2FDB51-61DB-4D30-8227-1DA8186C70E7}.Release|Any CPU.ActiveCfg = Release|Any CPU
		{AB2FDB51-61DB-4D30-8227-1DA8186C70E7}.Release|Any CPU.Build.0 = Release|Any CPU
	EndGlobalSection
	GlobalSection(SolutionProperties) = preSolution
		HideSolutionNode = FALSE
	EndGlobalSection
	GlobalSection(ExtensibilityGlobals) = postSolution
		SolutionGuid = {3C72C769-E431-465A-B629-4141E595DD4C}
	EndGlobalSection
EndGlobal
